{
  "nodes": {
    "a2b": {
      "inputs": {
        "flake-parts": [
          "flake-parts"
        ],
        "mangopkgs": "mangopkgs",
        "nixpkgs": [
          "nixpkgs"
        ],
        "systems": [
          "systems"
        ],
        "treefmt-nix": [
          "treefmt-nix"
        ]
      },
      "locked": {
        "lastModified": 1783832177,
        "narHash": "sha256-VY45yTzlN2m6Yld2+qlruFu+FFEMJNhA1BMjdz0VKkU=",
        "owner": "UnstoppableMango",
        "repo": "a2b",
        "rev": "9927ccb5a1df0ccbc8fd1b6d1263cfca1d226b13",
        "type": "github"
      },
      "original": {
        "owner": "UnstoppableMango",
        "repo": "a2b",
        "type": "github"
      }
    },
    "blueprint": {
      "inputs": {
        "nixpkgs": [
          "nixos-facter",
          "nixpkgs"
        ],
        "systems": [
          "nixos-facter",
          "systems"
        ]
      },
      "locked": {
        "lastModified": 1776249299,
        "narHash": "sha256-Dt9t1TGRmJFc0xVYhttNBD6QsAgHOHCArqGa0AyjrJY=",
        "owner": "numtide",
        "repo": "blueprint",
        "rev": "56131e8628f173d24a27f6d27c0215eff57e40dd",
        "type": "github"
      },
      "original": {
        "owner": "numtide",
        "repo": "blueprint",
        "type": "github"
      }
    },
    "clan-core": {
      "inputs": {
        "data-mesher": "data-mesher",
        "disko": [
          "disko"
        ],
        "flake-parts": [
          "flake-parts"
        ],
        "nix-darwin": "nix-darwin",
        "nix-select": "nix-select",
        "nixos-facter-modules": "nixos-facter-modules",
        "nixpkgs": [
          "nixpkgs-stable"
        ],
        "sops-nix": [
          "sops-nix"
        ],
        "systems": [
          "systems"
        ],
        "treefmt-nix": [
          "treefmt-nix"
        ]
      },
      "locked": {
        "lastModified": 1779116933,
        "narHash": "sha256-BoSQT4vbuWbGcDbXp4nqBd1I9X8r+dLSPtTbc5yJd28=",
        "rev": "10d86d5d8291fe5162a5535f433a4d50efc4b2bc",
        "type": "tarball",
        "url": "https://git.clan.lol/api/v1/repos/clan/clan-core/archive/10d86d5d8291fe5162a5535f433a4d50efc4b2bc.tar.gz"
      },
      "original": {
        "type": "tarball",
        "url": "https://git.clan.lol/clan/clan-core/archive/25.11.tar.gz"
      }
    },
    "crane": {
      "locked": {
        "lastModified": 1762538466,
        "narHash": "sha256-8zrIPl6J+wLm9MH5ksHcW7BUHo7jSNOu0/hA0ohOOaM=",
        "owner": "ipetkov",
        "repo": "crane",
        "rev": "0cea393fffb39575c46b7a0318386467272182fe",
        "type": "github"
      },
      "original": {
        "owner": "ipetkov",
        "repo": "crane",
        "type": "github"
      }
    },
    "data-mesher": {
      "inputs": {
        "flake-parts": [
          "clan-core",
          "flake-parts"
        ],
        "nixpkgs": [
          "clan-core",
          "nixpkgs"
        ],
        "treefmt-nix": [
          "clan-core",
          "treefmt-nix"
        ]
      },
      "locked": {
        "lastModified": 1767582502,
        "narHash": "sha256-WVcYGWcAlWzVt38OaTC5i5Q3QkIKJKZsJ7LcQZVVxeE=",
        "rev": "31f2e3ecf207fd2760e3cebf7c2cf3cb7170ea3d",
        "type": "tarball",
        "url": "https://git.clan.lol/api/v1/repos/clan/data-mesher/archive/31f2e3ecf207fd2760e3cebf7c2cf3cb7170ea3d.tar.gz"
      },
      "original": {
        "type": "tarball",
        "url": "https://git.clan.lol/clan/data-mesher/archive/main.tar.gz"
      }
    },
    "devctl": {
      "inputs": {
        "flake-parts": [
          "dotfiles",
          "flake-parts"
        ],
        "gomod2nix": [
          "dotfiles",
          "gomod2nix"
        ],
        "nixpkgs": [
          "dotfiles",
          "nixpkgs"
        ],
        "systems": [
          "dotfiles",
          "systems"
        ],
        "treefmt-nix": [
          "dotfiles",
          "treefmt-nix"
        ]
      },
      "locked": {
        "lastModified": 1775032594,
        "narHash": "sha256-Zatc2CyK2GD0hXgWIeIz/yV3rGz+uMuhcbLMpk4iuTk=",
        "owner": "unmango",
        "repo": "devctl",
        "rev": "c7ae219ed6e4e41ee56562e00688cfeece99cdf4",
        "type": "github"
      },
      "original": {
        "owner": "unmango",
        "repo": "devctl",
        "type": "github"
      }
    },
    "direnv-instant": {
      "inputs": {
        "flake-parts": [
          "dotfiles",
          "flake-parts"
        ],
        "nixpkgs": [
          "dotfiles",
          "nixpkgs"
        ],
        "treefmt-nix": [
          "dotfiles",
          "treefmt-nix"
        ]
      },
      "locked": {
        "lastModified": 1783857890,
        "narHash": "sha256-rD4KU1jXXUuUP7ZWuxp8xoroXEne+NCeGrb77ZGhGvM=",
        "owner": "Mic92",
        "repo": "direnv-instant",
        "rev": "4d440be96bc6294c891f309d3c944bef64879c9a",
        "type": "github"
      },
      "original": {
        "owner": "Mic92",
        "repo": "direnv-instant",
        "type": "github"
      }
    },
    "disko": {
      "inputs": {
        "nixpkgs": [
          "nixpkgs"
        ]
      },
      "locked": {
        "lastModified": 1781152676,
        "narHash": "sha256-RxWs5ND31KzTG7wvMM+PMfUjyNpmIEr999lqNARaM5o=",
        "owner": "nix-community",
        "repo": "disko",
        "rev": "ff8702b4de27f72b4c78573dfb89ec74e36abdf1",
        "type": "github"
      },
      "original": {
        "owner": "nix-community",
        "repo": "disko",
        "type": "github"
      }
    },
    "dotfiles": {
      "inputs": {
        "clan-core": [
          "clan-core"
        ],
        "devctl": "devctl",
        "direnv-instant": "direnv-instant",
        "flake-parts": [
          "flake-parts"
        ],
        "flake-utils": [
          "flake-utils"
        ],
        "gomod2nix": [
          "gomod2nix"
        ],
        "home-manager": [
          "home-manager"
        ],
        "mangopkgs": "mangopkgs_2",
        "mynix": [
          "mynix"
        ],
        "nil": "nil",
        "nix-direnv": "nix-direnv",
        "nix-init": "nix-init",
        "nix-vscode-extensions": "nix-vscode-extensions",
        "nixd": "nixd",
        "nixpkgs": [
          "nixpkgs"
        ],
        "nixvim": [
          "nixvim"
        ],
        "systems": [
          "systems"
        ],
        "treefmt-nix": [
          "treefmt-nix"
        ],
        "ux": "ux",
        "zed": "zed"
      },
      "locked": {
        "lastModified": 1784333195,
        "narHash": "sha256-DYomzNHJrrKPmPqrMIxOumO5eUGpFSJap3rYRnIbsSg=",
        "owner": "unstoppablemango",
        "repo": "dotfiles",
        "rev": "d7b595d5e045c892d2f8cbdc99a7b59edc5e6563",
        "type": "github"
      },
      "original": {
        "owner": "unstoppablemango",
        "repo": "dotfiles",
        "type": "github"
      }
    },
    "fenix": {
      "inputs": {
        "nixpkgs": [
          "dotfiles",
          "nix-init",
          "nixpkgs"
        ],
        "rust-analyzer-src": [
          "dotfiles",
          "nix-init"
        ]
      },
      "locked": {
        "lastModified": 1782813643,
        "narHash": "sha256-+Y7z6oWSTJSKIhxPw7YKHOcIgoX/1PWgpRMZMj4AHlw=",
        "owner": "nix-community",
        "repo": "fenix",
        "rev": "df161b9bd5f8ff444b2c213cd45410b7da6da602",
        "type": "github"
      },
      "original": {
        "owner": "nix-community",
        "repo": "fenix",
        "type": "github"
      }
    },
    "flake-compat": {
      "locked": {
        "lastModified": 1761588595,
        "narHash": "sha256-XKUZz9zewJNUj46b4AJdiRZJAvSZ0Dqj2BNfXvFlJC4=",
        "owner": "edolstra",
        "repo": "flake-compat",
        "rev": "f387cd2afec9419c8ee37694406ca490c3f34ee5",
        "type": "github"
      },
      "original": {
        "owner": "edolstra",
        "repo": "flake-compat",
        "type": "github"
      }
    },
    "flake-parts": {
      "inputs": {
        "nixpkgs-lib": "nixpkgs-lib"
      },
      "locked": {
        "lastModified": 1782949081,
        "narHash": "sha256-vp6Y/Grm98ESt6ceOkWiHWyZRDV3J1RID4w+6NWK9yA=",
        "owner": "hercules-ci",
        "repo": "flake-parts",
        "rev": "17c9d6cdfc60c64f4ee8d306f9bc0b4ccb51481e",
        "type": "github"
      },
      "original": {
        "owner": "hercules-ci",
        "repo": "flake-parts",
        "type": "github"
      }
    },
    "flake-utils": {
      "inputs": {
        "systems": [
          "a2b",
          "mangopkgs",
          "systems"
        ]
      },
      "locked": {
        "lastModified": 1731533236,
        "narHash": "sha256-l0KFg5HjrsfsO/JpG+r7fRrqm12kzFHyUHqHCVpMMbI=",
        "owner": "numtide",
        "repo": "flake-utils",
        "rev": "11707dc2f618dd54ca8739b309ec4fc024de578b",
        "type": "github"
      },
      "original": {
        "owner": "numtide",
        "repo": "flake-utils",
        "type": "github"
      }
    },
    "flake-utils_2": {
      "inputs": {
        "systems": [
          "systems"
        ]
      },
      "locked": {
        "lastModified": 1731533236,
        "narHash": "sha256-l0KFg5HjrsfsO/JpG+r7fRrqm12kzFHyUHqHCVpMMbI=",
        "owner": "numtide",
        "repo": "flake-utils",
        "rev": "11707dc2f618dd54ca8739b309ec4fc024de578b",
        "type": "github"
      },
      "original": {
        "owner": "numtide",
        "repo": "flake-utils",
        "type": "github"
      }
    },
    "flake-utils_3": {
      "inputs": {
        "systems": [
          "inoculant",
          "systems"
        ]
      },
      "locked": {
        "lastModified": 1731533236,
        "narHash": "sha256-l0KFg5HjrsfsO/JpG+r7fRrqm12kzFHyUHqHCVpMMbI=",
        "owner": "numtide",
        "repo": "flake-utils",
        "rev": "11707dc2f618dd54ca8739b309ec4fc024de578b",
        "type": "github"
      },
      "original": {
        "owner": "numtide",
        "repo": "flake-utils",
        "type": "github"
      }
    },
    "flake-utils_4": {
      "inputs": {
        "systems": [
          "nixos-facter",
          "systems"
        ]
      },
      "locked": {
        "lastModified": 1731533236,
        "narHash": "sha256-l0KFg5HjrsfsO/JpG+r7fRrqm12kzFHyUHqHCVpMMbI=",
        "owner": "numtide",
        "repo": "flake-utils",
        "rev": "11707dc2f618dd54ca8739b309ec4fc024de578b",
        "type": "github"
      },
      "original": {
        "owner": "numtide",
        "repo": "flake-utils",
        "type": "github"
      }
    },
    "globset": {
      "inputs": {
        "nixpkgs-lib": [
          "inoculant",
          "nixpkgs"
        ]
      },
      "locked": {
        "lastModified": 1756146523,
        "narHash": "sha256-dn8WNgwVQe0xBJ/d4CiRRcEVSgNclG6WSbqFEf6V024=",
        "owner": "pdtpartners",
        "repo": "globset",
        "rev": "62da8904981f01dc7c97f56c3ea4f131a8393411",
        "type": "github"
      },
      "original": {
        "owner": "pdtpartners",
        "repo": "globset",
        "type": "github"
      }
    },
    "gomod2nix": {
      "inputs": {
        "flake-utils": "flake-utils",
        "nixpkgs": [
          "a2b",
          "mangopkgs",
          "nixpkgs"
        ]
      },
      "locked": {
        "lastModified": 1770585520,
        "narHash": "sha256-yBz9Ozd5Wb56i3e3cHZ8WcbzCQ9RlVaiW18qDYA/AzA=",
        "owner": "nix-community",
        "repo": "gomod2nix",
        "rev": "1201ddd1279c35497754f016ef33d5e060f3da8d",
        "type": "github"
      },
      "original": {
        "owner": "nix-community",
        "repo": "gomod2nix",
        "type": "github"
      }
    },
    "gomod2nix_2": {
      "inputs": {
        "flake-utils": [
          "flake-utils"
        ],
        "nixpkgs": [
          "nixpkgs"
        ]
      },
      "locked": {
        "lastModified": 1770585520,
        "narHash": "sha256-yBz9Ozd5Wb56i3e3cHZ8WcbzCQ9RlVaiW18qDYA/AzA=",
        "owner": "nix-community",
        "repo": "gomod2nix",
        "rev": "1201ddd1279c35497754f016ef33d5e060f3da8d",
        "type": "github"
      },
      "original": {
        "owner": "nix-community",
        "repo": "gomod2nix",
        "type": "github"
      }
    },
    "gomod2nix_3": {
      "inputs": {
        "flake-utils": "flake-utils_3",
        "nixpkgs": [
          "inoculant",
          "nixpkgs"
        ]
      },
      "locked": {
        "lastModified": 1770585520,
        "narHash": "sha256-yBz9Ozd5Wb56i3e3cHZ8WcbzCQ9RlVaiW18qDYA/AzA=",
        "owner": "nix-community",
        "repo": "gomod2nix",
        "rev": "1201ddd1279c35497754f016ef33d5e060f3da8d",
        "type": "github"
      },
      "original": {
        "owner": "nix-community",
        "repo": "gomod2nix",
        "type": "github"
      }
    },
    "home-manager": {
      "inputs": {
        "nixpkgs": [
          "nixpkgs"
        ]
      },
      "locked": {
        "lastModified": 1784129366,
        "narHash": "sha256-N5JiyICSeQF14x+OQebNyPpYowOT9Rs1iKyeCylSzOA=",
        "owner": "nix-community",
        "repo": "home-manager",
        "rev": "165228b0efefc3e635e5174020c40ea64271dc25",
        "type": "github"
      },
      "original": {
        "owner": "nix-community",
        "repo": "home-manager",
        "type": "github"
      }
    },
    "hwinfo": {
      "inputs": {
        "blueprint": [
          "nixos-facter",
          "blueprint"
        ],
        "nixpkgs": [
          "nixos-facter",
          "nixpkgs"
        ],
        "systems": [
          "nixos-facter",
          "systems"
        ]
      },
      "locked": {
        "lastModified": 1784116606,
        "narHash": "sha256-k64wC3Y5qG6k0pyfp9k7ENTMdO42zG781/b++2BQRyw=",
        "owner": "numtide",
        "repo": "hwinfo",
        "rev": "db29ef12200dde8a451d4438f025afc197009ce6",
        "type": "github"
      },
      "original": {
        "owner": "numtide",
        "repo": "hwinfo",
        "type": "github"
      }
    },
    "inoculant": {
      "inputs": {
        "flake-parts": [
          "flake-parts"
        ],
        "globset": "globset",
        "gomod2nix": "gomod2nix_3",
        "nix2container": "nix2container_3",
        "nixpkgs": [
          "nixpkgs"
        ],
        "systems": [
          "systems"
        ],
        "treefmt-nix": [
          "treefmt-nix"
        ]
      },
      "locked": {
        "lastModified": 1784489137,
        "narHash": "sha256-LMO006sK0+O3ko99Djmr+X/rBvaRU5cOvvshX4naJxQ=",
        "owner": "UnstoppableMango",
        "repo": "inoculant",
        "rev": "94f1ee87ee3d3b002e164ffa5c1e32b2313a8b6a",
        "type": "github"
      },
      "original": {
        "owner": "UnstoppableMango",
        "repo": "inoculant",
        "type": "github"
      }
    },
    "mangopkgs": {
      "inputs": {
        "flake-parts": [
          "a2b",
          "flake-parts"
        ],
        "gomod2nix": "gomod2nix",
        "nix2container": "nix2container",
        "nixpkgs": [
          "a2b",
          "nixpkgs"
        ],
        "systems": [
          "a2b",
          "systems"
        ],
        "treefmt-nix": [
          "a2b",
          "treefmt-nix"
        ]
      },
      "locked": {
        "lastModified": 1783445806,
        "narHash": "sha256-DrvYv4ILDZ5r5dlzquXC4649ZkJzCczdGGmjuvtxbxI=",
        "owner": "unmango",
        "repo": "pkgs",
        "rev": "35140ced558a52b52bd952970974561e934771d5",
        "type": "github"
      },
      "original": {
        "owner": "unmango",
        "repo": "pkgs",
        "type": "github"
      }
    },
    "mangopkgs_2": {
      "inputs": {
        "flake-parts": [
          "dotfiles",
          "flake-parts"
        ],
        "gomod2nix": [
          "dotfiles",
          "gomod2nix"
        ],
        "nix2container": "nix2container_2",
        "nixpkgs": [
          "dotfiles",
          "nixpkgs"
        ],
        "systems": [
          "dotfiles",
          "systems"
        ],
        "treefmt-nix": [
          "dotfiles",
          "treefmt-nix"
        ]
      },
      "locked": {
        "lastModified": 1784090987,
        "narHash": "sha256-GB05qJLg/AjQEURema75ajrL7u6bL8kBFx7pS8ZB7Ms=",
        "owner": "unmango",
        "repo": "pkgs",
        "rev": "3abf916d973f3132431ce2a0c7605f270c73ca07",
        "type": "github"
      },
      "original": {
        "owner": "unmango",
        "repo": "pkgs",
        "type": "github"
      }
    },
    "mynix": {
      "inputs": {
        "flake-parts": [
          "flake-parts"
        ],
        "gomod2nix": [
          "gomod2nix"
        ],
        "nixpkgs": [
          "nixpkgs"
        ],
        "systems": [
          "systems"
        ],
        "treefmt-nix": [
          "treefmt-nix"
        ]
      },
      "locked": {
        "lastModified": 1784212764,
        "narHash": "sha256-sf5mnFNevvVoM7avbnbBHYqvYGbV49DuS2ZNkAHYJ2g=",
        "owner": "unstoppablemango",
        "repo": "nix",
        "rev": "88340a9295458dee432b895f0dd9b87fce749034",
        "type": "github"
      },
      "original": {
        "owner": "unstoppablemango",
        "repo": "nix",
        "type": "github"
      }
    },
    "nil": {
      "inputs": {
        "nixpkgs": [
          "dotfiles",
          "nixpkgs"
        ]
      },
      "locked": {
        "lastModified": 1784156584,
        "narHash": "sha256-9ZljjtU1aAVAgiNlLHasPHE8GgDcn5T/1ONJj9k79Tg=",
        "owner": "foobar14",
        "repo": "nil",
        "rev": "9adecd46916748bf74dc971c2c39d55e63f9ba72",
        "type": "github"
      },
      "original": {
        "owner": "foobar14",
        "ref": "fix/nix-2.35.1-primops-docs",
        "repo": "nil",
        "type": "github"
      }
    },
    "nix-darwin": {
      "inputs": {
        "nixpkgs": [
          "clan-core",
          "nixpkgs"
        ]
      },
      "locked": {
        "lastModified": 1772129556,
        "narHash": "sha256-Utk0zd8STPsUJPyjabhzPc5BpPodLTXrwkpXBHYnpeg=",
        "owner": "nix-darwin",
        "repo": "nix-darwin",
        "rev": "ebec37af18215214173c98cf6356d0aca24a2585",
        "type": "github"
      },
      "original": {
        "owner": "nix-darwin",
        "ref": "nix-darwin-25.11",
        "repo": "nix-darwin",
        "type": "github"
      }
    },
    "nix-direnv": {
      "inputs": {
        "flake-parts": [
          "dotfiles",
          "flake-parts"
        ],
        "nixpkgs": [
          "dotfiles",
          "nixpkgs"
        ],
        "treefmt-nix": [
          "dotfiles",
          "treefmt-nix"
        ]
      },
      "locked": {
        "lastModified": 1783825401,
        "narHash": "sha256-0/Aky4vssw2sFxAS1thEU04CtBfWUe3JjXDUFIPDMD0=",
        "owner": "nix-community",
        "repo": "nix-direnv",
        "rev": "1b09e07427e03ec0197060df33030a64290132f0",
        "type": "github"
      },
      "original": {
        "owner": "nix-community",
        "repo": "nix-direnv",
        "type": "github"
      }
    },
    "nix-init": {
      "inputs": {
        "fenix": "fenix",
        "flake-parts": [
          "dotfiles",
          "flake-parts"
        ],
        "nixpkgs": [
          "dotfiles",
          "nixpkgs"
        ],
        "treefmt-nix": [
          "dotfiles",
          "treefmt-nix"
        ]
      },
      "locked": {
        "lastModified": 1783647424,
        "narHash": "sha256-CspS3hdudcjF68zVTaJ1OmzGTtnJJvCVvPNj0tqFudo=",
        "owner": "nix-community",
        "repo": "nix-init",
        "rev": "e5f6826cb95974a11f94d53b854c064c0697c342",
        "type": "github"
      },
      "original": {
        "owner": "nix-community",
        "repo": "nix-init",
        "type": "github"
      }
    },
    "nix-select": {
      "locked": {
        "lastModified": 1763303120,
        "narHash": "sha256-yxcNOha7Cfv2nhVpz9ZXSNKk0R7wt4AiBklJ8D24rVg=",
        "rev": "3d1e3860bef36857a01a2ddecba7cdb0a14c35a9",
        "type": "tarball",
        "url": "https://git.clan.lol/api/v1/repos/clan/nix-select/archive/3d1e3860bef36857a01a2ddecba7cdb0a14c35a9.tar.gz"
      },
      "original": {
        "type": "tarball",
        "url": "https://git.clan.lol/clan/nix-select/archive/main.tar.gz"
      }
    },
    "nix-vm-test": {
      "inputs": {
        "nixpkgs": [
          "nixos-anywhere",
          "nixpkgs"
        ]
      },
      "locked": {
        "lastModified": 1783265394,
        "narHash": "sha256-cq4YfNFGYzp0NItZP8tEC7xUI8OSgY4fj75AU/NSaPM=",
        "owner": "numtide",
        "repo": "nix-vm-test",
        "rev": "1a587212d2ac8b669c6c32499015f996506b6ba5",
        "type": "github"
      },
      "original": {
        "owner": "numtide",
        "repo": "nix-vm-test",
        "type": "github"
      }
    },
    "nix-vscode-extensions": {
      "inputs": {
        "nixpkgs": [
          "dotfiles",
          "nixpkgs"
        ]
      },
      "locked": {
        "lastModified": 1784170717,
        "narHash": "sha256-nGgfKiclG2jzakbzh8J2kGiOLYy86pY0bgiH5kTBJHs=",
        "owner": "nix-community",
        "repo": "nix-vscode-extensions",
        "rev": "c7e994f9b2833677afa42181af98ea411562f6b9",
        "type": "github"
      },
      "original": {
        "owner": "nix-community",
        "repo": "nix-vscode-extensions",
        "type": "github"
      }
    },
    "nix2container": {
      "inputs": {
        "nixpkgs": [
          "a2b",
          "mangopkgs",
          "nixpkgs"
        ]
      },
      "locked": {
        "lastModified": 1775487831,
        "narHash": "sha256-2lguQpLPQaxpQCJjXhmEEAfabwsAhkP29Z7fgLzHARA=",
        "owner": "nlewo",
        "repo": "nix2container",
        "rev": "76be9608a7f4d6c985d28b0e7be903ae2547df3e",
        "type": "github"
      },
      "original": {
        "owner": "nlewo",
        "repo": "nix2container",
        "type": "github"
      }
    },
    "nix2container_2": {
      "inputs": {
        "nixpkgs": [
          "dotfiles",
          "mangopkgs",
          "nixpkgs"
        ]
      },
      "locked": {
        "lastModified": 1775487831,
        "narHash": "sha256-2lguQpLPQaxpQCJjXhmEEAfabwsAhkP29Z7fgLzHARA=",
        "owner": "nlewo",
        "repo": "nix2container",
        "rev": "76be9608a7f4d6c985d28b0e7be903ae2547df3e",
        "type": "github"
      },
      "original": {
        "owner": "nlewo",
        "repo": "nix2container",
        "type": "github"
      }
    },
    "nix2container_3": {
      "inputs": {
        "nixpkgs": [
          "inoculant",
          "nixpkgs"
        ]
      },
      "locked": {
        "lastModified": 1775487831,
        "narHash": "sha256-2lguQpLPQaxpQCJjXhmEEAfabwsAhkP29Z7fgLzHARA=",
        "owner": "nlewo",
        "repo": "nix2container",
        "rev": "76be9608a7f4d6c985d28b0e7be903ae2547df3e",
        "type": "github"
      },
      "original": {
        "owner": "nlewo",
        "repo": "nix2container",
        "type": "github"
      }
    },
    "nixd": {
      "inputs": {
        "flake-parts": [
          "dotfiles",
          "flake-parts"
        ],
        "nixpkgs": [
          "dotfiles",
          "nixpkgs"
        ],
        "treefmt-nix": [
          "dotfiles",
          "treefmt-nix"
        ]
      },
      "locked": {
        "lastModified": 1784048145,
        "narHash": "sha256-ce8QtFxUX/yU+KUhxUA0qNoK2lbdlYb3cVOznr+cjro=",
        "owner": "nix-community",
        "repo": "nixd",
        "rev": "7c2a68af8abf5b6598a28921abc9c6d5bf2b5323",
        "type": "github"
      },
      "original": {
        "owner": "nix-community",
        "repo": "nixd",
        "type": "github"
      }
    },
    "nixos-anywhere": {
      "inputs": {
        "disko": [
          "disko"
        ],
        "nix-vm-test": "nix-vm-test",
        "nixos-images": "nixos-images",
        "nixos-stable": "nixos-stable",
        "nixpkgs": [
          "nixpkgs"
        ],
        "treefmt-nix": [
          "treefmt-nix"
        ]
      },
      "locked": {
        "lastModified": 1784099966,
        "narHash": "sha256-h+q9j0ivHhll0sXIPCuJJ+Ivcqh7QDL8eulVUl+CqTQ=",
        "owner": "nix-community",
        "repo": "nixos-anywhere",
        "rev": "7239104f1a38546b999cd817658407d80f56e7db",
        "type": "github"
      },
      "original": {
        "owner": "nix-community",
        "repo": "nixos-anywhere",
        "type": "github"
      }
    },
    "nixos-facter": {
      "inputs": {
        "blueprint": "blueprint",
        "disko": [
          "disko"
        ],
        "flake-utils": "flake-utils_4",
        "hwinfo": "hwinfo",
        "nixpkgs": [
          "nixpkgs"
        ],
        "systems": [
          "systems"
        ],
        "treefmt-nix": [
          "treefmt-nix"
        ]
      },
      "locked": {
        "lastModified": 1784178634,
        "narHash": "sha256-qJpvdZicRE1WiknlghE/Rqhtju88kQF8SYr9guQKnQQ=",
        "owner": "nix-community",
        "repo": "nixos-facter",
        "rev": "76e5d15080a4d62316416654c7cef5d7b8e39ce5",
        "type": "github"
      },
      "original": {
        "owner": "nix-community",
        "repo": "nixos-facter",
        "type": "github"
      }
    },
    "nixos-facter-modules": {
      "locked": {
        "lastModified": 1773858690,
        "narHash": "sha256-oW0/lC0oRG5H5LaK6Rmh9L1wmkn9TbenM4bXwnIEDKA=",
        "owner": "nix-community",
        "repo": "nixos-facter-modules",
        "rev": "139dcef4dfc97009629c445806f197883351ab4a",
        "type": "github"
      },
      "original": {
        "owner": "nix-community",
        "repo": "nixos-facter-modules",
        "type": "github"
      }
    },
    "nixos-hardware": {
      "inputs": {
        "nixpkgs": "nixpkgs"
      },
      "locked": {
        "lastModified": 1784100666,
        "narHash": "sha256-HF/mrw5NYQfKFZgkfV2h1UL5/E3ccfsE2XJ1AbbLLJ0=",
        "owner": "nixos",
        "repo": "nixos-hardware",
        "rev": "fccfa9031a85b78a437f2f153c1f6449f3bc3185",
        "type": "github"
      },
      "original": {
        "owner": "nixos",
        "ref": "master",
        "repo": "nixos-hardware",
        "type": "github"
      }
    },
    "nixos-images": {
      "inputs": {
        "nixos-stable": [
          "nixos-anywhere",
          "nixos-stable"
        ],
        "nixos-unstable": [
          "nixos-anywhere",
          "nixpkgs"
        ]
      },
      "locked": {
        "lastModified": 1783593136,
        "narHash": "sha256-zy5an02BdZ65OgVKdRkz2TpbdBrsW+uQD7AA2wLuiTM=",
        "owner": "nix-community",
        "repo": "nixos-images",
        "rev": "803f28511c7d5f39f2537c342122fd94b8e1d519",
        "type": "github"
      },
      "original": {
        "owner": "nix-community",
        "repo": "nixos-images",
        "type": "github"
      }
    },
    "nixos-stable": {
      "locked": {
        "lastModified": 1784011430,
        "narHash": "sha256-lDebytrYdd47IBLwvNOD+6AGeoqZ78CIKlp70hzW280=",
        "owner": "NixOS",
        "repo": "nixpkgs",
        "rev": "8eeec934ae0dbeca3d7868c059568a65c08b2fc3",
        "type": "github"
      },
      "original": {
        "owner": "NixOS",
        "ref": "nixos-26.05",
        "repo": "nixpkgs",
        "type": "github"
      }
    },
    "nixpkgs": {
      "locked": {
        "lastModified": 1767892417,
        "narHash": "sha256-8bW3q88CEg2u4hSP66Vf4lpbLonHz7hqDNBMcCY7E9U=",
        "rev": "3497aa5c9457a9d88d71fa93a4a8368816fbeeba",
        "type": "tarball",
        "url": "https://releases.nixos.org/nixos/unstable/nixos-26.05pre924538.3497aa5c9457/nixexprs.tar.xz"
      },
      "original": {
        "type": "tarball",
        "url": "https://channels.nixos.org/nixos-unstable/nixexprs.tar.xz"
      }
    },
    "nixpkgs-lib": {
      "locked": {
        "lastModified": 1782614948,
        "narHash": "sha256-ePjCwr1sNm9NYUqywL7QfK3JnlS015msC+eBu2zKlp8=",
        "owner": "nix-community",
        "repo": "nixpkgs.lib",
        "rev": "db3f255737b94216eb71cce308e2912cf6bc2d7c",
        "type": "github"
      },
      "original": {
        "owner": "nix-community",
        "repo": "nixpkgs.lib",
        "type": "github"
      }
    },
    "nixpkgs-stable": {
      "locked": {
        "lastModified": 1782847189,
        "narHash": "sha256-twXPFqFsrrY5r28Zh7Homgcp2gUMBgQ6WDS98Q/3xFI=",
        "owner": "nixos",
        "repo": "nixpkgs",
        "rev": "b6018f87da91d19d0ab4cf979885689b469cdd41",
        "type": "github"
      },
      "original": {
        "owner": "nixos",
        "ref": "nixos-25.11",
        "repo": "nixpkgs",
        "type": "github"
      }
    },
    "nixpkgs_2": {
      "locked": {
        "lastModified": 1784120854,
        "narHash": "sha256-KesHgItiZPgGX740axSiQLcIQ8D24MDqNpkKYWIek8k=",
        "owner": "nixos",
        "repo": "nixpkgs",
        "rev": "753cc8a3a87467296ddd1fa93f0cc3e81120ee46",
        "type": "github"
      },
      "original": {
        "owner": "nixos",
        "ref": "nixos-unstable",
        "repo": "nixpkgs",
        "type": "github"
      }
    },
    "nixpkgs_3": {
      "locked": {
        "lastModified": 1783915482,
        "narHash": "sha256-FmieJB8/OUvNxbkboi7+IGfIuSXY3nF/hZQm8kD0r50=",
        "owner": "NixOS",
        "repo": "nixpkgs",
        "rev": "6cdc7fc76e8bf7fde9fa43a849fcaaa70e230dee",
        "type": "github"
      },
      "original": {
        "owner": "NixOS",
        "ref": "nixpkgs-unstable",
        "repo": "nixpkgs",
        "type": "github"
      }
    },
    "nixvim": {
      "inputs": {
        "flake-parts": [
          "flake-parts"
        ],
        "nixpkgs": "nixpkgs_3",
        "systems": [
          "systems"
        ]
      },
      "locked": {
        "lastModified": 1784057377,
        "narHash": "sha256-yycNej5//EsRbV10moBoh+/63vXEwZD1ZFEiRm6C9rQ=",
        "owner": "nix-community",
        "repo": "nixvim",
        "rev": "07180a087e4a00720dc0731cbcd8dec796974381",
        "type": "github"
      },
      "original": {
        "owner": "nix-community",
        "repo": "nixvim",
        "type": "github"
      }
    },
    "root": {
      "inputs": {
        "a2b": "a2b",
        "clan-core": "clan-core",
        "disko": "disko",
        "dotfiles": "dotfiles",
        "flake-parts": "flake-parts",
        "flake-utils": "flake-utils_2",
        "gomod2nix": "gomod2nix_2",
        "home-manager": "home-manager",
        "inoculant": "inoculant",
        "mynix": "mynix",
        "nixos-anywhere": "nixos-anywhere",
        "nixos-facter": "nixos-facter",
        "nixos-hardware": "nixos-hardware",
        "nixpkgs": "nixpkgs_2",
        "nixpkgs-stable": "nixpkgs-stable",
        "nixvim": "nixvim",
        "sops-nix": "sops-nix",
        "systems": "systems",
        "treefmt-nix": "treefmt-nix"
      }
    },
    "rust-overlay": {
      "inputs": {
        "nixpkgs": [
          "dotfiles",
          "zed",
          "nixpkgs"
        ]
      },
      "locked": {
        "lastModified": 1762915112,
        "narHash": "sha256-d9j1g8nKmYDHy+/bIOPQTh9IwjRliqaTM0QLHMV92Ic=",
        "owner": "oxalica",
        "repo": "rust-overlay",
        "rev": "aa1e85921cfa04de7b6914982a94621fbec5cc02",
        "type": "github"
      },
      "original": {
        "owner": "oxalica",
        "repo": "rust-overlay",
        "type": "github"
      }
    },
    "sops-nix": {
      "inputs": {
        "nixpkgs": [
          "nixpkgs"
        ]
      },
      "locked": {
        "lastModified": 1783174389,
        "narHash": "sha256-aCWC8ngycU7OdJrU2+Je3qf+1a2ykuBvpPhZT/9tXMc=",
        "owner": "mic92",
        "repo": "sops-nix",
        "rev": "f1406619a3884cd5c47992a70b8b35c9c0fcb4c9",
        "type": "github"
      },
      "original": {
        "owner": "mic92",
        "repo": "sops-nix",
        "type": "github"
      }
    },
    "systems": {
      "locked": {
        "lastModified": 1681028828,
        "narHash": "sha256-Vy1rq5AaRuLzOxct8nz4T6wlgyUR7zLU309k9mBC768=",
        "owner": "nix-systems",
        "repo": "default",
        "rev": "da67096a3b9bf56a91d16901293e51ba5b49a27e",
        "type": "github"
      },
      "original": {
        "owner": "nix-systems",
        "repo": "default",
        "type": "github"
      }
    },
    "treefmt-nix": {
      "inputs": {
        "nixpkgs": [
          "nixpkgs"
        ]
      },
      "locked": {
        "lastModified": 1780220602,
        "narHash": "sha256-eynAfOmbmxJnkp7YewvCEbShNnnYJ9gLLqkzsYtBPeM=",
        "owner": "numtide",
        "repo": "treefmt-nix",
        "rev": "db947814a175b7ca6ded66e21383d938df01c227",
        "type": "github"
      },
      "original": {
        "owner": "numtide",
        "repo": "treefmt-nix",
        "type": "github"
      }
    },
    "ux": {
      "inputs": {
        "flake-parts": [
          "dotfiles",
          "flake-parts"
        ],
        "gomod2nix": [
          "dotfiles",
          "gomod2nix"
        ],
        "nixpkgs": [
          "dotfiles",
          "nixpkgs"
        ],
        "systems": [
          "dotfiles",
          "systems"
        ],
        "treefmt-nix": [
          "dotfiles",
          "treefmt-nix"
        ]
      },
      "locked": {
        "lastModified": 1780304788,
        "narHash": "sha256-PZ73GkRxUhbl6whitztVgdI/RsdyEmYXJeJUNdZhHv0=",
        "owner": "unstoppablemango",
        "repo": "ux",
        "rev": "92709ae1ea157b685d949fb48560d8983085988a",
        "type": "github"
      },
      "original": {
        "owner": "unstoppablemango",
        "repo": "ux",
        "type": "github"
      }
    },
    "zed": {
      "inputs": {
        "crane": "crane",
        "flake-compat": "flake-compat",
        "nixpkgs": [
          "dotfiles",
          "nixpkgs"
        ],
        "rust-overlay": "rust-overlay"
      },
      "locked": {
        "lastModified": 1766079686,
        "narHash": "sha256-flUkt39vttnF1HjzxLQ4pizFqxHxlIkaV+mb/GtxphU=",
        "owner": "zed-industries",
        "repo": "zed",
        "rev": "80433cb239e868271457ac376673a5f75bc4adb1",
        "type": "github"
      },
      "original": {
        "owner": "zed-industries",
        "ref": "v0.217.3",
        "repo": "zed",
        "type": "github"
      }
    }
  },
  "root": "root",
  "version": 7
}
