{
  "nodes": {
    "clan-core": {
      "inputs": {
        "data-mesher": "data-mesher",
        "disko": [
          "disko"
        ],
        "flake-parts": [
          "flake-parts"
        ],
        "nix-darwin": "nix-darwin",
        "nix-select": "nix-select",
        "nixos-facter-modules": "nixos-facter-modules",
        "nixpkgs": [
          "nixpkgs"
        ],
        "sops-nix": [
          "sops-nix"
        ],
        "systems": [
          "systems"
        ],
        "treefmt-nix": [
          "treefmt-nix"
        ]
      },
      "locked": {
        "lastModified": 1778069749,
        "narHash": "sha256-1DeEe3hyGAN0BZ1Xg5zohlcqIgsW/flNNhzofYhFIY0=",
        "rev": "d7cfb431bc5f79127101b428f13553a63fc00524",
        "type": "tarball",
        "url": "https://git.clan.lol/api/v1/repos/clan/clan-core/archive/d7cfb431bc5f79127101b428f13553a63fc00524.tar.gz"
      },
      "original": {
        "type": "tarball",
        "url": "https://git.clan.lol/clan/clan-core/archive/25.11.tar.gz"
      }
    },
    "crane": {
      "locked": {
        "lastModified": 1762538466,
        "narHash": "sha256-8zrIPl6J+wLm9MH5ksHcW7BUHo7jSNOu0/hA0ohOOaM=",
        "owner": "ipetkov",
        "repo": "crane",
        "rev": "0cea393fffb39575c46b7a0318386467272182fe",
        "type": "github"
      },
      "original": {
        "owner": "ipetkov",
        "repo": "crane",
        "type": "github"
      }
    },
    "data-mesher": {
      "inputs": {
        "flake-parts": [
          "clan-core",
          "flake-parts"
        ],
        "nixpkgs": [
          "clan-core",
          "nixpkgs"
        ],
        "treefmt-nix": [
          "clan-core",
          "treefmt-nix"
        ]
      },
      "locked": {
        "lastModified": 1767582502,
        "narHash": "sha256-WVcYGWcAlWzVt38OaTC5i5Q3QkIKJKZsJ7LcQZVVxeE=",
        "rev": "31f2e3ecf207fd2760e3cebf7c2cf3cb7170ea3d",
        "type": "tarball",
        "url": "https://git.clan.lol/api/v1/repos/clan/data-mesher/archive/31f2e3ecf207fd2760e3cebf7c2cf3cb7170ea3d.tar.gz"
      },
      "original": {
        "type": "tarball",
        "url": "https://git.clan.lol/clan/data-mesher/archive/main.tar.gz"
      }
    },
    "devctl": {
      "inputs": {
        "flake-parts": [
          "dotfiles",
          "flake-parts"
        ],
        "gomod2nix": [
          "dotfiles",
          "gomod2nix"
        ],
        "nixpkgs": [
          "dotfiles",
          "nixpkgs"
        ],
        "systems": [
          "dotfiles",
          "systems"
        ],
        "treefmt-nix": [
          "dotfiles",
          "treefmt-nix"
        ]
      },
      "locked": {
        "lastModified": 1775032594,
        "narHash": "sha256-Zatc2CyK2GD0hXgWIeIz/yV3rGz+uMuhcbLMpk4iuTk=",
        "owner": "unmango",
        "repo": "devctl",
        "rev": "c7ae219ed6e4e41ee56562e00688cfeece99cdf4",
        "type": "github"
      },
      "original": {
        "owner": "unmango",
        "repo": "devctl",
        "type": "github"
      }
    },
    "direnv-instant": {
      "inputs": {
        "flake-parts": [
          "dotfiles",
          "flake-parts"
        ],
        "nixpkgs": [
          "dotfiles",
          "nixpkgs"
        ],
        "treefmt-nix": [
          "dotfiles",
          "treefmt-nix"
        ]
      },
      "locked": {
        "lastModified": 1778743018,
        "narHash": "sha256-zYwJ8IDrxPDWwQLrtlsX84Mxb9H9g6zKWvk9B4SVWHA=",
        "owner": "Mic92",
        "repo": "direnv-instant",
        "rev": "bbbb19b50ec860dafaf2c87833ee05fa6cbe7a1d",
        "type": "github"
      },
      "original": {
        "owner": "Mic92",
        "repo": "direnv-instant",
        "type": "github"
      }
    },
    "disko": {
      "inputs": {
        "nixpkgs": [
          "nixpkgs"
        ]
      },
      "locked": {
        "lastModified": 1777713215,
        "narHash": "sha256-8GzXDOXckDWwST8TY5DbwYFjdvQLlP7K9CLSVx6iTTo=",
        "owner": "nix-community",
        "repo": "disko",
        "rev": "63b4e7e6cf75307c1d26ac3762b886b5b0247267",
        "type": "github"
      },
      "original": {
        "owner": "nix-community",
        "repo": "disko",
        "type": "github"
      }
    },
    "dotfiles": {
      "inputs": {
        "clan-core": [
          "clan-core"
        ],
        "devctl": "devctl",
        "direnv-instant": "direnv-instant",
        "flake-parts": [
          "flake-parts"
        ],
        "flake-utils": [
          "flake-utils"
        ],
        "gomod2nix": [
          "gomod2nix"
        ],
        "home-manager": [
          "home-manager"
        ],
        "mynix": [
          "mynix"
        ],
        "nil": [
          "nil"
        ],
        "nix-direnv": "nix-direnv",
        "nix-init": "nix-init",
        "nix-vscode-extensions": "nix-vscode-extensions",
        "nixd": "nixd",
        "nixpkgs": [
          "nixpkgs"
        ],
        "nixvim": [
          "nixvim"
        ],
        "systems": [
          "systems"
        ],
        "treefmt-nix": [
          "treefmt-nix"
        ],
        "ux": "ux",
        "zed": "zed"
      },
      "locked": {
        "lastModified": 1778804435,
        "narHash": "sha256-XiTrBe6UXgFrNinbcVgCU5TyrvNqsk2ho7NAVxEWFs8=",
        "owner": "unstoppablemango",
        "repo": "dotfiles",
        "rev": "cd275d8c21d38d2cc86364e9f14e242b98cd8686",
        "type": "github"
      },
      "original": {
        "owner": "unstoppablemango",
        "repo": "dotfiles",
        "type": "github"
      }
    },
    "fenix": {
      "inputs": {
        "nixpkgs": [
          "dotfiles",
          "nix-init",
          "nixpkgs"
        ],
        "rust-analyzer-src": [
          "dotfiles",
          "nix-init"
        ]
      },
      "locked": {
        "lastModified": 1778576139,
        "narHash": "sha256-nJkJFr16RFsCTRw6l2fhjA9H20wBRpCH/XiCTvJrNnQ=",
        "owner": "nix-community",
        "repo": "fenix",
        "rev": "d551111fcbc4ffa5c3ec9d842bf00d3dd3918b88",
        "type": "github"
      },
      "original": {
        "owner": "nix-community",
        "repo": "fenix",
        "type": "github"
      }
    },
    "flake-compat": {
      "locked": {
        "lastModified": 1761588595,
        "narHash": "sha256-XKUZz9zewJNUj46b4AJdiRZJAvSZ0Dqj2BNfXvFlJC4=",
        "owner": "edolstra",
        "repo": "flake-compat",
        "rev": "f387cd2afec9419c8ee37694406ca490c3f34ee5",
        "type": "github"
      },
      "original": {
        "owner": "edolstra",
        "repo": "flake-compat",
        "type": "github"
      }
    },
    "flake-parts": {
      "inputs": {
        "nixpkgs-lib": "nixpkgs-lib"
      },
      "locked": {
        "lastModified": 1778716662,
        "narHash": "sha256-m1Yf0wZ8j1OHjTc2UwHwyQRSnNeSgLJOd7q5Y45hzi4=",
        "owner": "hercules-ci",
        "repo": "flake-parts",
        "rev": "f7c1a2d347e4c52d5fb8d10cb4d94b5884e546fb",
        "type": "github"
      },
      "original": {
        "owner": "hercules-ci",
        "repo": "flake-parts",
        "type": "github"
      }
    },
    "flake-utils": {
      "inputs": {
        "systems": [
          "systems"
        ]
      },
      "locked": {
        "lastModified": 1731533236,
        "narHash": "sha256-l0KFg5HjrsfsO/JpG+r7fRrqm12kzFHyUHqHCVpMMbI=",
        "owner": "numtide",
        "repo": "flake-utils",
        "rev": "11707dc2f618dd54ca8739b309ec4fc024de578b",
        "type": "github"
      },
      "original": {
        "owner": "numtide",
        "repo": "flake-utils",
        "type": "github"
      }
    },
    "gomod2nix": {
      "inputs": {
        "flake-utils": [
          "flake-utils"
        ],
        "nixpkgs": [
          "nixpkgs"
        ]
      },
      "locked": {
        "lastModified": 1770585520,
        "narHash": "sha256-yBz9Ozd5Wb56i3e3cHZ8WcbzCQ9RlVaiW18qDYA/AzA=",
        "owner": "nix-community",
        "repo": "gomod2nix",
        "rev": "1201ddd1279c35497754f016ef33d5e060f3da8d",
        "type": "github"
      },
      "original": {
        "owner": "nix-community",
        "repo": "gomod2nix",
        "type": "github"
      }
    },
    "home-manager": {
      "inputs": {
        "nixpkgs": [
          "nixpkgs"
        ]
      },
      "locked": {
        "lastModified": 1778876681,
        "narHash": "sha256-9XOIxYLBp+sJsPWNnNyk1aVfYXuuRJZ4Anpplm9Tn8g=",
        "owner": "nix-community",
        "repo": "home-manager",
        "rev": "c7fad8197070948d8aa02cb8922240ee129cab2e",
        "type": "github"
      },
      "original": {
        "owner": "nix-community",
        "repo": "home-manager",
        "type": "github"
      }
    },
    "mynix": {
      "inputs": {
        "flake-parts": [
          "flake-parts"
        ],
        "gomod2nix": [
          "gomod2nix"
        ],
        "nil": [
          "nil"
        ],
        "nix2container": "nix2container",
        "nixpkgs": [
          "nixpkgs"
        ],
        "systems": [
          "systems"
        ],
        "treefmt-nix": [
          "treefmt-nix"
        ]
      },
      "locked": {
        "lastModified": 1778704807,
        "narHash": "sha256-6YOBjsp6po4QFCWCs+ogq0xYUQYBQcQrWmlLE7soVQ4=",
        "owner": "unstoppablemango",
        "repo": "nix",
        "rev": "3f84c6b8a387e5e12ed20b5a5a55ea21550941c8",
        "type": "github"
      },
      "original": {
        "owner": "unstoppablemango",
        "repo": "nix",
        "type": "github"
      }
    },
    "nil": {
      "inputs": {
        "nixpkgs": [
          "nixpkgs"
        ]
      },
      "locked": {
        "lastModified": 1765326831,
        "narHash": "sha256-18j8X2Nbe0Wg1+7YrWRlYzmjZ5Wq0NCVwJHJlBIw/dc=",
        "owner": "oxalica",
        "repo": "nil",
        "rev": "504599f7e555a249d6754698473124018b80d121",
        "type": "github"
      },
      "original": {
        "owner": "oxalica",
        "repo": "nil",
        "type": "github"
      }
    },
    "nix-darwin": {
      "inputs": {
        "nixpkgs": [
          "clan-core",
          "nixpkgs"
        ]
      },
      "locked": {
        "lastModified": 1772129556,
        "narHash": "sha256-Utk0zd8STPsUJPyjabhzPc5BpPodLTXrwkpXBHYnpeg=",
        "owner": "nix-darwin",
        "repo": "nix-darwin",
        "rev": "ebec37af18215214173c98cf6356d0aca24a2585",
        "type": "github"
      },
      "original": {
        "owner": "nix-darwin",
        "ref": "nix-darwin-25.11",
        "repo": "nix-darwin",
        "type": "github"
      }
    },
    "nix-direnv": {
      "inputs": {
        "flake-parts": [
          "dotfiles",
          "flake-parts"
        ],
        "nixpkgs": [
          "dotfiles",
          "nixpkgs"
        ],
        "treefmt-nix": [
          "dotfiles",
          "treefmt-nix"
        ]
      },
      "locked": {
        "lastModified": 1778382272,
        "narHash": "sha256-nvWKXrl0WlBs0SvkgnWUcVIdOKK4zYGsbzVkqUWr/1E=",
        "owner": "nix-community",
        "repo": "nix-direnv",
        "rev": "3f3ea351261b55ee709c8cc1cde4dfab7384a48e",
        "type": "github"
      },
      "original": {
        "owner": "nix-community",
        "repo": "nix-direnv",
        "type": "github"
      }
    },
    "nix-init": {
      "inputs": {
        "fenix": "fenix",
        "flake-parts": [
          "dotfiles",
          "flake-parts"
        ],
        "nixpkgs": [
          "dotfiles",
          "nixpkgs"
        ],
        "treefmt-nix": [
          "dotfiles",
          "treefmt-nix"
        ]
      },
      "locked": {
        "lastModified": 1778688281,
        "narHash": "sha256-QIM4tqhzoce5+y69RjrGQ1dvikj8BXbmI3MMgpYrw/Q=",
        "owner": "nix-community",
        "repo": "nix-init",
        "rev": "13688cb83c2bf4a496c7e8cddc0e0810e096adfe",
        "type": "github"
      },
      "original": {
        "owner": "nix-community",
        "repo": "nix-init",
        "type": "github"
      }
    },
    "nix-select": {
      "locked": {
        "lastModified": 1763303120,
        "narHash": "sha256-yxcNOha7Cfv2nhVpz9ZXSNKk0R7wt4AiBklJ8D24rVg=",
        "rev": "3d1e3860bef36857a01a2ddecba7cdb0a14c35a9",
        "type": "tarball",
        "url": "https://git.clan.lol/api/v1/repos/clan/nix-select/archive/3d1e3860bef36857a01a2ddecba7cdb0a14c35a9.tar.gz"
      },
      "original": {
        "type": "tarball",
        "url": "https://git.clan.lol/clan/nix-select/archive/main.tar.gz"
      }
    },
    "nix-vm-test": {
      "inputs": {
        "nixpkgs": [
          "nixos-anywhere",
          "nixpkgs"
        ]
      },
      "locked": {
        "lastModified": 1769079217,
        "narHash": "sha256-R6qzhu+YJolxE2vUsPQWWwUKMbAG5nXX3pBtg8BNX38=",
        "owner": "Enzime",
        "repo": "nix-vm-test",
        "rev": "58c15f78947b431d6c206e0966500c7e9139bd2f",
        "type": "github"
      },
      "original": {
        "owner": "Enzime",
        "ref": "pr-105-latest",
        "repo": "nix-vm-test",
        "type": "github"
      }
    },
    "nix-vscode-extensions": {
      "inputs": {
        "nixpkgs": [
          "dotfiles",
          "nixpkgs"
        ]
      },
      "locked": {
        "lastModified": 1778730840,
        "narHash": "sha256-j2xllvlwDMRjRNFxKrnFYD5h6r8dlxrqtGDMYf/OTJY=",
        "owner": "nix-community",
        "repo": "nix-vscode-extensions",
        "rev": "bd79f28576c5d9e9af7328843eadc0d7d54f596d",
        "type": "github"
      },
      "original": {
        "owner": "nix-community",
        "repo": "nix-vscode-extensions",
        "type": "github"
      }
    },
    "nix2container": {
      "inputs": {
        "nixpkgs": [
          "mynix",
          "nixpkgs"
        ]
      },
      "locked": {
        "lastModified": 1775487831,
        "narHash": "sha256-2lguQpLPQaxpQCJjXhmEEAfabwsAhkP29Z7fgLzHARA=",
        "owner": "nlewo",
        "repo": "nix2container",
        "rev": "76be9608a7f4d6c985d28b0e7be903ae2547df3e",
        "type": "github"
      },
      "original": {
        "owner": "nlewo",
        "repo": "nix2container",
        "type": "github"
      }
    },
    "nixd": {
      "inputs": {
        "flake-parts": [
          "dotfiles",
          "flake-parts"
        ],
        "nixpkgs": [
          "dotfiles",
          "nixpkgs"
        ],
        "treefmt-nix": [
          "dotfiles",
          "treefmt-nix"
        ]
      },
      "locked": {
        "lastModified": 1778381404,
        "narHash": "sha256-FqhdOTA8vyoIpkHhbs2cCT7h6EWM7nsLeOYJc1ifQLE=",
        "owner": "nix-community",
        "repo": "nixd",
        "rev": "e3e45eb76663f522e196b7f0cf34cab201db7779",
        "type": "github"
      },
      "original": {
        "owner": "nix-community",
        "repo": "nixd",
        "type": "github"
      }
    },
    "nixos-anywhere": {
      "inputs": {
        "disko": [
          "disko"
        ],
        "flake-parts": [
          "flake-parts"
        ],
        "nix-vm-test": "nix-vm-test",
        "nixos-images": "nixos-images",
        "nixos-stable": "nixos-stable",
        "nixpkgs": [
          "nixpkgs"
        ],
        "treefmt-nix": [
          "treefmt-nix"
        ]
      },
      "locked": {
        "lastModified": 1769956140,
        "narHash": "sha256-D+RQ+DaIC/GVwv5lUs7e8jSmh8aPc77Kg/gRjaS25Zk=",
        "owner": "nix-community",
        "repo": "nixos-anywhere",
        "rev": "92f82c5196a5f8588be4967e535c4cfd35e85902",
        "type": "github"
      },
      "original": {
        "owner": "nix-community",
        "repo": "nixos-anywhere",
        "type": "github"
      }
    },
    "nixos-facter-modules": {
      "locked": {
        "lastModified": 1773858690,
        "narHash": "sha256-oW0/lC0oRG5H5LaK6Rmh9L1wmkn9TbenM4bXwnIEDKA=",
        "owner": "nix-community",
        "repo": "nixos-facter-modules",
        "rev": "139dcef4dfc97009629c445806f197883351ab4a",
        "type": "github"
      },
      "original": {
        "owner": "nix-community",
        "repo": "nixos-facter-modules",
        "type": "github"
      }
    },
    "nixos-hardware": {
      "locked": {
        "lastModified": 1778593042,
        "narHash": "sha256-xYGrSg6354UK2K4WSQd4+TfyvfqmvFbSY+ZtGQUXK0c=",
        "owner": "nixos",
        "repo": "nixos-hardware",
        "rev": "9bd7c80d43e258aaa607d83b43661df11444d808",
        "type": "github"
      },
      "original": {
        "owner": "nixos",
        "ref": "master",
        "repo": "nixos-hardware",
        "type": "github"
      }
    },
    "nixos-images": {
      "inputs": {
        "nixos-stable": [
          "nixos-anywhere",
          "nixos-stable"
        ],
        "nixos-unstable": [
          "nixos-anywhere",
          "nixpkgs"
        ]
      },
      "locked": {
        "lastModified": 1766770015,
        "narHash": "sha256-kUmVBU+uBUPl/v3biPiWrk680b8N9rRMhtY97wsxiJc=",
        "owner": "nix-community",
        "repo": "nixos-images",
        "rev": "e4dba54ddb6b2ad9c6550e5baaed2fa27938a5d2",
        "type": "github"
      },
      "original": {
        "owner": "nix-community",
        "repo": "nixos-images",
        "type": "github"
      }
    },
    "nixos-stable": {
      "locked": {
        "lastModified": 1769598131,
        "narHash": "sha256-e7VO/kGLgRMbWtpBqdWl0uFg8Y2XWFMdz0uUJvlML8o=",
        "owner": "NixOS",
        "repo": "nixpkgs",
        "rev": "fa83fd837f3098e3e678e6cf017b2b36102c7211",
        "type": "github"
      },
      "original": {
        "owner": "NixOS",
        "ref": "nixos-25.11",
        "repo": "nixpkgs",
        "type": "github"
      }
    },
    "nixpkgs": {
      "locked": {
        "lastModified": 1778443072,
        "narHash": "sha256-zi7/fsqM/kFdNuED//4WOCUtezGtKKqRNORjMvfwjnA=",
        "owner": "nixos",
        "repo": "nixpkgs",
        "rev": "da5ad661ba4e5ef59ba743f0d112cbc30e474f32",
        "type": "github"
      },
      "original": {
        "owner": "nixos",
        "ref": "nixos-unstable",
        "repo": "nixpkgs",
        "type": "github"
      }
    },
    "nixpkgs-lib": {
      "locked": {
        "lastModified": 1777168982,
        "narHash": "sha256-GOkGPcboWE9BmGCRMLX3worL4EMnsnG8MyKmXNeYuhQ=",
        "owner": "nix-community",
        "repo": "nixpkgs.lib",
        "rev": "f5901329dade4a6ea039af1433fb087bd9c1fe14",
        "type": "github"
      },
      "original": {
        "owner": "nix-community",
        "repo": "nixpkgs.lib",
        "type": "github"
      }
    },
    "nixvim": {
      "inputs": {
        "flake-parts": [
          "flake-parts"
        ],
        "nixpkgs": [
          "nixpkgs"
        ],
        "systems": [
          "systems"
        ]
      },
      "locked": {
        "lastModified": 1778844351,
        "narHash": "sha256-qcxIr5tIeDh5pV9xI5X8Je4ZpHQCbClUp5wlo5FaPFA=",
        "owner": "nix-community",
        "repo": "nixvim",
        "rev": "40baf3664b73c1cdde67d46a462bed9d60d8d5b3",
        "type": "github"
      },
      "original": {
        "owner": "nix-community",
        "repo": "nixvim",
        "type": "github"
      }
    },
    "root": {
      "inputs": {
        "clan-core": "clan-core",
        "disko": "disko",
        "dotfiles": "dotfiles",
        "flake-parts": "flake-parts",
        "flake-utils": "flake-utils",
        "gomod2nix": "gomod2nix",
        "home-manager": "home-manager",
        "mynix": "mynix",
        "nil": "nil",
        "nixos-anywhere": "nixos-anywhere",
        "nixos-hardware": "nixos-hardware",
        "nixpkgs": "nixpkgs",
        "nixvim": "nixvim",
        "sops-nix": "sops-nix",
        "systems": "systems",
        "treefmt-nix": "treefmt-nix"
      }
    },
    "rust-overlay": {
      "inputs": {
        "nixpkgs": [
          "dotfiles",
          "zed",
          "nixpkgs"
        ]
      },
      "locked": {
        "lastModified": 1762915112,
        "narHash": "sha256-d9j1g8nKmYDHy+/bIOPQTh9IwjRliqaTM0QLHMV92Ic=",
        "owner": "oxalica",
        "repo": "rust-overlay",
        "rev": "aa1e85921cfa04de7b6914982a94621fbec5cc02",
        "type": "github"
      },
      "original": {
        "owner": "oxalica",
        "repo": "rust-overlay",
        "type": "github"
      }
    },
    "sops-nix": {
      "inputs": {
        "nixpkgs": [
          "nixpkgs"
        ]
      },
      "locked": {
        "lastModified": 1777944972,
        "narHash": "sha256-VfGRo1qTBKOe3s2gOv8LSoA6Fk19PvBlwQ1ECN0Evn8=",
        "owner": "mic92",
        "repo": "sops-nix",
        "rev": "c591bf665727040c6cc5cb409079acb22dcce33c",
        "type": "github"
      },
      "original": {
        "owner": "mic92",
        "repo": "sops-nix",
        "type": "github"
      }
    },
    "systems": {
      "locked": {
        "lastModified": 1681028828,
        "narHash": "sha256-Vy1rq5AaRuLzOxct8nz4T6wlgyUR7zLU309k9mBC768=",
        "owner": "nix-systems",
        "repo": "default",
        "rev": "da67096a3b9bf56a91d16901293e51ba5b49a27e",
        "type": "github"
      },
      "original": {
        "owner": "nix-systems",
        "repo": "default",
        "type": "github"
      }
    },
    "treefmt-nix": {
      "inputs": {
        "nixpkgs": [
          "nixpkgs"
        ]
      },
      "locked": {
        "lastModified": 1775636079,
        "narHash": "sha256-pc20NRoMdiar8oPQceQT47UUZMBTiMdUuWrYu2obUP0=",
        "owner": "numtide",
        "repo": "treefmt-nix",
        "rev": "790751ff7fd3801feeaf96d7dc416a8d581265ba",
        "type": "github"
      },
      "original": {
        "owner": "numtide",
        "repo": "treefmt-nix",
        "type": "github"
      }
    },
    "ux": {
      "inputs": {
        "flake-parts": [
          "dotfiles",
          "flake-parts"
        ],
        "gomod2nix": [
          "dotfiles",
          "gomod2nix"
        ],
        "nixpkgs": [
          "dotfiles",
          "nixpkgs"
        ],
        "systems": [
          "dotfiles",
          "systems"
        ],
        "treefmt-nix": [
          "dotfiles",
          "treefmt-nix"
        ]
      },
      "locked": {
        "lastModified": 1778210374,
        "narHash": "sha256-UeIaTt42VGqpGq+Ct+B7RQyIGfJ1YOkQHi5AqSIAYd4=",
        "owner": "unstoppablemango",
        "repo": "ux",
        "rev": "ce562879d502c3e6d3f509419b68ed7fc23d2a4e",
        "type": "github"
      },
      "original": {
        "owner": "unstoppablemango",
        "repo": "ux",
        "type": "github"
      }
    },
    "zed": {
      "inputs": {
        "crane": "crane",
        "flake-compat": "flake-compat",
        "nixpkgs": [
          "dotfiles",
          "nixpkgs"
        ],
        "rust-overlay": "rust-overlay"
      },
      "locked": {
        "lastModified": 1766079686,
        "narHash": "sha256-flUkt39vttnF1HjzxLQ4pizFqxHxlIkaV+mb/GtxphU=",
        "owner": "zed-industries",
        "repo": "zed",
        "rev": "80433cb239e868271457ac376673a5f75bc4adb1",
        "type": "github"
      },
      "original": {
        "owner": "zed-industries",
        "ref": "v0.217.3",
        "repo": "zed",
        "type": "github"
      }
    }
  },
  "root": "root",
  "version": 7
}
