{
  "nodes": {
    "bun2nix": {
      "inputs": {
        "flake-parts": [
          "dotfiles",
          "flake-parts"
        ],
        "import-tree": "import-tree",
        "nixpkgs": [
          "dotfiles",
          "nixpkgs"
        ],
        "systems": [
          "dotfiles",
          "systems"
        ],
        "treefmt-nix": [
          "dotfiles",
          "treefmt-nix"
        ]
      },
      "locked": {
        "lastModified": 1769533009,
        "narHash": "sha256-nyA8w4lpwRtDI07pyje3kiyWVwBLa7YYcXrJtoVbJzA=",
        "owner": "nix-community",
        "repo": "bun2nix",
        "rev": "52e294e3a6078280f89bdcc0d644d2100cd615f8",
        "type": "github"
      },
      "original": {
        "owner": "nix-community",
        "repo": "bun2nix",
        "type": "github"
      }
    },
    "crane": {
      "locked": {
        "lastModified": 1762538466,
        "narHash": "sha256-8zrIPl6J+wLm9MH5ksHcW7BUHo7jSNOu0/hA0ohOOaM=",
        "owner": "ipetkov",
        "repo": "crane",
        "rev": "0cea393fffb39575c46b7a0318386467272182fe",
        "type": "github"
      },
      "original": {
        "owner": "ipetkov",
        "repo": "crane",
        "type": "github"
      }
    },
    "devctl": {
      "inputs": {
        "flake-parts": [
          "dotfiles",
          "flake-parts"
        ],
        "gomod2nix": [
          "dotfiles",
          "gomod2nix"
        ],
        "nixpkgs": [
          "dotfiles",
          "nixpkgs"
        ],
        "systems": [
          "dotfiles",
          "systems"
        ],
        "treefmt-nix": [
          "dotfiles",
          "treefmt-nix"
        ]
      },
      "locked": {
        "lastModified": 1768189071,
        "narHash": "sha256-Oemi74k1Wm6njwb2iSCmEkfBFB5edzs1sCdp1DcZ7v0=",
        "owner": "unmango",
        "repo": "devctl",
        "rev": "f813fe0e162494c80c897210461e0714111498cc",
        "type": "github"
      },
      "original": {
        "owner": "unmango",
        "repo": "devctl",
        "type": "github"
      }
    },
    "disko": {
      "inputs": {
        "nixpkgs": [
          "nixpkgs"
        ]
      },
      "locked": {
        "lastModified": 1769524058,
        "narHash": "sha256-zygdD6X1PcVNR2PsyK4ptzrVEiAdbMqLos7utrMDEWE=",
        "owner": "nix-community",
        "repo": "disko",
        "rev": "71a3fc97d80881e91710fe721f1158d3b96ae14d",
        "type": "github"
      },
      "original": {
        "owner": "nix-community",
        "repo": "disko",
        "type": "github"
      }
    },
    "dotfiles": {
      "inputs": {
        "bun2nix": "bun2nix",
        "devctl": "devctl",
        "flake-parts": [
          "flake-parts"
        ],
        "flake-utils": "flake-utils",
        "gomod2nix": "gomod2nix",
        "home-manager": [
          "home-manager"
        ],
        "mynix": "mynix",
        "nil": "nil",
        "nix-direnv": "nix-direnv",
        "nix-init": "nix-init",
        "nix-vscode-extensions": "nix-vscode-extensions",
        "nixd": "nixd",
        "nixpkgs": [
          "nixpkgs"
        ],
        "nixvim": [
          "nixvim"
        ],
        "systems": [
          "systems"
        ],
        "treefmt-nix": [
          "treefmt-nix"
        ],
        "ux": "ux",
        "zed": "zed"
      },
      "locked": {
        "lastModified": 1769818035,
        "narHash": "sha256-FVjZUTyk+assZjf9+6GmlSYx0UzhtaDgLoXo9+esA5A=",
        "owner": "unstoppablemango",
        "repo": "dotfiles",
        "rev": "137677d0588dec648526e1fe79d25fdefac4a307",
        "type": "github"
      },
      "original": {
        "owner": "unstoppablemango",
        "repo": "dotfiles",
        "type": "github"
      }
    },
    "fenix": {
      "inputs": {
        "nixpkgs": [
          "dotfiles",
          "nix-init",
          "nixpkgs"
        ],
        "rust-analyzer-src": [
          "dotfiles",
          "nix-init"
        ]
      },
      "locked": {
        "lastModified": 1769064677,
        "narHash": "sha256-Upa108vGOlaOBGQTmmLEKuWekBm519u42A/oYSjTs+4=",
        "owner": "nix-community",
        "repo": "fenix",
        "rev": "439e81e0b40781e16c444ca1c7fcd1cf8c5c406c",
        "type": "github"
      },
      "original": {
        "owner": "nix-community",
        "repo": "fenix",
        "type": "github"
      }
    },
    "flake-compat": {
      "locked": {
        "lastModified": 1761588595,
        "narHash": "sha256-XKUZz9zewJNUj46b4AJdiRZJAvSZ0Dqj2BNfXvFlJC4=",
        "owner": "edolstra",
        "repo": "flake-compat",
        "rev": "f387cd2afec9419c8ee37694406ca490c3f34ee5",
        "type": "github"
      },
      "original": {
        "owner": "edolstra",
        "repo": "flake-compat",
        "type": "github"
      }
    },
    "flake-parts": {
      "inputs": {
        "nixpkgs-lib": "nixpkgs-lib"
      },
      "locked": {
        "lastModified": 1768135262,
        "narHash": "sha256-PVvu7OqHBGWN16zSi6tEmPwwHQ4rLPU9Plvs8/1TUBY=",
        "owner": "hercules-ci",
        "repo": "flake-parts",
        "rev": "80daad04eddbbf5a4d883996a73f3f542fa437ac",
        "type": "github"
      },
      "original": {
        "owner": "hercules-ci",
        "repo": "flake-parts",
        "type": "github"
      }
    },
    "flake-root": {
      "locked": {
        "lastModified": 1723604017,
        "narHash": "sha256-rBtQ8gg+Dn4Sx/s+pvjdq3CB2wQNzx9XGFq/JVGCB6k=",
        "owner": "srid",
        "repo": "flake-root",
        "rev": "b759a56851e10cb13f6b8e5698af7b59c44be26e",
        "type": "github"
      },
      "original": {
        "owner": "srid",
        "repo": "flake-root",
        "type": "github"
      }
    },
    "flake-utils": {
      "inputs": {
        "systems": [
          "dotfiles",
          "systems"
        ]
      },
      "locked": {
        "lastModified": 1731533236,
        "narHash": "sha256-l0KFg5HjrsfsO/JpG+r7fRrqm12kzFHyUHqHCVpMMbI=",
        "owner": "numtide",
        "repo": "flake-utils",
        "rev": "11707dc2f618dd54ca8739b309ec4fc024de578b",
        "type": "github"
      },
      "original": {
        "owner": "numtide",
        "repo": "flake-utils",
        "type": "github"
      }
    },
    "gomod2nix": {
      "inputs": {
        "flake-utils": [
          "dotfiles",
          "flake-utils"
        ],
        "nixpkgs": [
          "dotfiles",
          "nixpkgs"
        ]
      },
      "locked": {
        "lastModified": 1767019875,
        "narHash": "sha256-NodN+lhWTD59b44Q2bPjE1edINfjfRkQYdZsrxifCeU=",
        "owner": "nix-community",
        "repo": "gomod2nix",
        "rev": "49662a44272806ff785df2990a420edaaca15db4",
        "type": "github"
      },
      "original": {
        "owner": "nix-community",
        "repo": "gomod2nix",
        "type": "github"
      }
    },
    "home-manager": {
      "inputs": {
        "nixpkgs": [
          "nixpkgs"
        ]
      },
      "locked": {
        "lastModified": 1769813945,
        "narHash": "sha256-9ABv9Lo9t6MrFjlnRnU8Zw1C6LVj2+R8PipQ/rxGLHk=",
        "owner": "nix-community",
        "repo": "home-manager",
        "rev": "475921375def3eb930e1f8883f619ff8609accb6",
        "type": "github"
      },
      "original": {
        "owner": "nix-community",
        "repo": "home-manager",
        "type": "github"
      }
    },
    "import-tree": {
      "locked": {
        "lastModified": 1763762820,
        "narHash": "sha256-ZvYKbFib3AEwiNMLsejb/CWs/OL/srFQ8AogkebEPF0=",
        "owner": "vic",
        "repo": "import-tree",
        "rev": "3c23749d8013ec6daa1d7255057590e9ca726646",
        "type": "github"
      },
      "original": {
        "owner": "vic",
        "repo": "import-tree",
        "type": "github"
      }
    },
    "mynix": {
      "inputs": {
        "flake-parts": [
          "dotfiles",
          "flake-parts"
        ],
        "gomod2nix": [
          "dotfiles",
          "gomod2nix"
        ],
        "nil": [
          "dotfiles",
          "nil"
        ],
        "nixpkgs": [
          "dotfiles",
          "nixpkgs"
        ],
        "systems": [
          "dotfiles",
          "systems"
        ],
        "treefmt-nix": [
          "dotfiles",
          "treefmt-nix"
        ]
      },
      "locked": {
        "lastModified": 1769741367,
        "narHash": "sha256-QRYl8XUdnYfg1TfZ39oUFRkvRA+AIX7dH8bvOKdlyxU=",
        "owner": "UnstoppableMango",
        "repo": "nix",
        "rev": "d318b35d7cd784cdbd81f54c817ac5dd824a4251",
        "type": "github"
      },
      "original": {
        "owner": "UnstoppableMango",
        "repo": "nix",
        "type": "github"
      }
    },
    "nil": {
      "inputs": {
        "nixpkgs": [
          "dotfiles",
          "nixpkgs"
        ]
      },
      "locked": {
        "lastModified": 1765326831,
        "narHash": "sha256-18j8X2Nbe0Wg1+7YrWRlYzmjZ5Wq0NCVwJHJlBIw/dc=",
        "owner": "oxalica",
        "repo": "nil",
        "rev": "504599f7e555a249d6754698473124018b80d121",
        "type": "github"
      },
      "original": {
        "owner": "oxalica",
        "repo": "nil",
        "type": "github"
      }
    },
    "nix-direnv": {
      "inputs": {
        "flake-parts": [
          "dotfiles",
          "flake-parts"
        ],
        "nixpkgs": [
          "dotfiles",
          "nixpkgs"
        ],
        "treefmt-nix": [
          "dotfiles",
          "treefmt-nix"
        ]
      },
      "locked": {
        "lastModified": 1768704530,
        "narHash": "sha256-BASsdRYo8t/himZisgWW524t86pxuC0H3/Dv8sqR8sM=",
        "owner": "nix-community",
        "repo": "nix-direnv",
        "rev": "29bb68202897f6e8653d28f64c5525c2c502f19c",
        "type": "github"
      },
      "original": {
        "owner": "nix-community",
        "repo": "nix-direnv",
        "type": "github"
      }
    },
    "nix-init": {
      "inputs": {
        "fenix": "fenix",
        "flake-parts": [
          "dotfiles",
          "flake-parts"
        ],
        "nixpkgs": [
          "dotfiles",
          "nixpkgs"
        ],
        "nurl": "nurl",
        "treefmt-nix": [
          "dotfiles",
          "treefmt-nix"
        ]
      },
      "locked": {
        "lastModified": 1769802912,
        "narHash": "sha256-Y/gUz2FSK47gDHzRgjpHe8aGSqgJLyYmrhWF6E92Lxc=",
        "owner": "nix-community",
        "repo": "nix-init",
        "rev": "bba83b38a102ce8d0fb0a54d46872bf44a0e44b0",
        "type": "github"
      },
      "original": {
        "owner": "nix-community",
        "repo": "nix-init",
        "type": "github"
      }
    },
    "nix-vm-test": {
      "inputs": {
        "nixpkgs": [
          "nixos-anywhere",
          "nixpkgs"
        ]
      },
      "locked": {
        "lastModified": 1769079217,
        "narHash": "sha256-R6qzhu+YJolxE2vUsPQWWwUKMbAG5nXX3pBtg8BNX38=",
        "owner": "Enzime",
        "repo": "nix-vm-test",
        "rev": "58c15f78947b431d6c206e0966500c7e9139bd2f",
        "type": "github"
      },
      "original": {
        "owner": "Enzime",
        "ref": "pr-105-latest",
        "repo": "nix-vm-test",
        "type": "github"
      }
    },
    "nix-vscode-extensions": {
      "inputs": {
        "nixpkgs": [
          "dotfiles",
          "nixpkgs"
        ]
      },
      "locked": {
        "lastModified": 1769740792,
        "narHash": "sha256-SMIY+y9T9ioo+eM5XC2dE1FLjf0iUdCF3ayVlyKHDt0=",
        "owner": "nix-community",
        "repo": "nix-vscode-extensions",
        "rev": "5af91c832cdc9c055015696433b395f43f2fc9c8",
        "type": "github"
      },
      "original": {
        "owner": "nix-community",
        "repo": "nix-vscode-extensions",
        "type": "github"
      }
    },
    "nixd": {
      "inputs": {
        "flake-parts": [
          "dotfiles",
          "flake-parts"
        ],
        "flake-root": "flake-root",
        "nixpkgs": [
          "dotfiles",
          "nixpkgs"
        ],
        "treefmt-nix": [
          "dotfiles",
          "treefmt-nix"
        ]
      },
      "locked": {
        "lastModified": 1769607914,
        "narHash": "sha256-3eYf0yyS8yyXuzrIfbqDwpXZ+3z3TwHGFgbl1+/35DU=",
        "owner": "nix-community",
        "repo": "nixd",
        "rev": "12e3e96245e81fbcaf1f0bad5079403b57c00e67",
        "type": "github"
      },
      "original": {
        "owner": "nix-community",
        "repo": "nixd",
        "type": "github"
      }
    },
    "nixos-anywhere": {
      "inputs": {
        "disko": [
          "disko"
        ],
        "flake-parts": [
          "flake-parts"
        ],
        "nix-vm-test": "nix-vm-test",
        "nixos-images": "nixos-images",
        "nixos-stable": "nixos-stable",
        "nixpkgs": [
          "nixpkgs"
        ],
        "treefmt-nix": [
          "treefmt-nix"
        ]
      },
      "locked": {
        "lastModified": 1769528992,
        "narHash": "sha256-5iUMWHD6lKh5Yxvb6MsbM9YKeuj/MRPb0tSVl1eMJa8=",
        "owner": "nix-community",
        "repo": "nixos-anywhere",
        "rev": "6fac5c18a0d0ddb07153af1c992d275dc5c5b943",
        "type": "github"
      },
      "original": {
        "owner": "nix-community",
        "repo": "nixos-anywhere",
        "type": "github"
      }
    },
    "nixos-hardware": {
      "locked": {
        "lastModified": 1769302137,
        "narHash": "sha256-QEDtctEkOsbx8nlFh4yqPEOtr4tif6KTqWwJ37IM2ds=",
        "owner": "nixos",
        "repo": "nixos-hardware",
        "rev": "a351494b0e35fd7c0b7a1aae82f0afddf4907aa8",
        "type": "github"
      },
      "original": {
        "owner": "nixos",
        "ref": "master",
        "repo": "nixos-hardware",
        "type": "github"
      }
    },
    "nixos-images": {
      "inputs": {
        "nixos-stable": [
          "nixos-anywhere",
          "nixos-stable"
        ],
        "nixos-unstable": [
          "nixos-anywhere",
          "nixpkgs"
        ]
      },
      "locked": {
        "lastModified": 1766770015,
        "narHash": "sha256-kUmVBU+uBUPl/v3biPiWrk680b8N9rRMhtY97wsxiJc=",
        "owner": "nix-community",
        "repo": "nixos-images",
        "rev": "e4dba54ddb6b2ad9c6550e5baaed2fa27938a5d2",
        "type": "github"
      },
      "original": {
        "owner": "nix-community",
        "repo": "nixos-images",
        "type": "github"
      }
    },
    "nixos-stable": {
      "locked": {
        "lastModified": 1769318308,
        "narHash": "sha256-Mjx6p96Pkefks3+aA+72lu1xVehb6mv2yTUUqmSet6Q=",
        "owner": "NixOS",
        "repo": "nixpkgs",
        "rev": "1cd347bf3355fce6c64ab37d3967b4a2cb4b878c",
        "type": "github"
      },
      "original": {
        "owner": "NixOS",
        "ref": "nixos-25.11",
        "repo": "nixpkgs",
        "type": "github"
      }
    },
    "nixpkgs": {
      "locked": {
        "lastModified": 1769461804,
        "narHash": "sha256-msG8SU5WsBUfVVa/9RPLaymvi5bI8edTavbIq3vRlhI=",
        "owner": "nixos",
        "repo": "nixpkgs",
        "rev": "bfc1b8a4574108ceef22f02bafcf6611380c100d",
        "type": "github"
      },
      "original": {
        "owner": "nixos",
        "ref": "nixos-unstable",
        "repo": "nixpkgs",
        "type": "github"
      }
    },
    "nixpkgs-lib": {
      "locked": {
        "lastModified": 1765674936,
        "narHash": "sha256-k00uTP4JNfmejrCLJOwdObYC9jHRrr/5M/a/8L2EIdo=",
        "owner": "nix-community",
        "repo": "nixpkgs.lib",
        "rev": "2075416fcb47225d9b68ac469a5c4801a9c4dd85",
        "type": "github"
      },
      "original": {
        "owner": "nix-community",
        "repo": "nixpkgs.lib",
        "type": "github"
      }
    },
    "nixvim": {
      "inputs": {
        "flake-parts": [
          "flake-parts"
        ],
        "nixpkgs": [
          "nixpkgs"
        ],
        "systems": [
          "systems"
        ]
      },
      "locked": {
        "lastModified": 1769644746,
        "narHash": "sha256-1X9o0GjCzku03magX4pM+1OZXA0aUTN7KvEReZ9t3OU=",
        "owner": "nix-community",
        "repo": "nixvim",
        "rev": "3c27e1b35ca0fee6a89bfc20840654361ffe888d",
        "type": "github"
      },
      "original": {
        "owner": "nix-community",
        "repo": "nixvim",
        "type": "github"
      }
    },
    "nurl": {
      "inputs": {
        "nixpkgs": [
          "dotfiles",
          "nixpkgs"
        ]
      },
      "locked": {
        "lastModified": 1769115489,
        "narHash": "sha256-4RVmxq/kL4BtcusmnLABwb9vl5nAUS5wfkbPno31WwM=",
        "owner": "nix-community",
        "repo": "nurl",
        "rev": "f27ed2760c5ff79ebc049807f3f2154db7fc9e02",
        "type": "github"
      },
      "original": {
        "owner": "nix-community",
        "repo": "nurl",
        "type": "github"
      }
    },
    "root": {
      "inputs": {
        "disko": "disko",
        "dotfiles": "dotfiles",
        "flake-parts": "flake-parts",
        "home-manager": "home-manager",
        "nixos-anywhere": "nixos-anywhere",
        "nixos-hardware": "nixos-hardware",
        "nixpkgs": "nixpkgs",
        "nixvim": "nixvim",
        "systems": "systems",
        "treefmt-nix": "treefmt-nix"
      }
    },
    "rust-overlay": {
      "inputs": {
        "nixpkgs": [
          "dotfiles",
          "zed",
          "nixpkgs"
        ]
      },
      "locked": {
        "lastModified": 1762915112,
        "narHash": "sha256-d9j1g8nKmYDHy+/bIOPQTh9IwjRliqaTM0QLHMV92Ic=",
        "owner": "oxalica",
        "repo": "rust-overlay",
        "rev": "aa1e85921cfa04de7b6914982a94621fbec5cc02",
        "type": "github"
      },
      "original": {
        "owner": "oxalica",
        "repo": "rust-overlay",
        "type": "github"
      }
    },
    "systems": {
      "locked": {
        "lastModified": 1681028828,
        "narHash": "sha256-Vy1rq5AaRuLzOxct8nz4T6wlgyUR7zLU309k9mBC768=",
        "owner": "nix-systems",
        "repo": "default",
        "rev": "da67096a3b9bf56a91d16901293e51ba5b49a27e",
        "type": "github"
      },
      "original": {
        "owner": "nix-systems",
        "repo": "default",
        "type": "github"
      }
    },
    "treefmt-nix": {
      "inputs": {
        "nixpkgs": [
          "nixpkgs"
        ]
      },
      "locked": {
        "lastModified": 1769691507,
        "narHash": "sha256-8aAYwyVzSSwIhP2glDhw/G0i5+wOrren3v6WmxkVonM=",
        "owner": "numtide",
        "repo": "treefmt-nix",
        "rev": "28b19c5844cc6e2257801d43f2772a4b4c050a1b",
        "type": "github"
      },
      "original": {
        "owner": "numtide",
        "repo": "treefmt-nix",
        "type": "github"
      }
    },
    "ux": {
      "inputs": {
        "flake-parts": [
          "dotfiles",
          "flake-parts"
        ],
        "gomod2nix": [
          "dotfiles",
          "gomod2nix"
        ],
        "nixpkgs": [
          "dotfiles",
          "nixpkgs"
        ],
        "systems": [
          "dotfiles",
          "systems"
        ],
        "treefmt-nix": [
          "dotfiles",
          "treefmt-nix"
        ]
      },
      "locked": {
        "lastModified": 1769224916,
        "narHash": "sha256-4WY+GhJENiJ3BQdp9oiQUubmkinJ6tLOsshDJcHk3vs=",
        "owner": "unstoppablemango",
        "repo": "ux",
        "rev": "264a4134b98814ebf35bac8fbc6378aefbe5b814",
        "type": "github"
      },
      "original": {
        "owner": "unstoppablemango",
        "repo": "ux",
        "type": "github"
      }
    },
    "zed": {
      "inputs": {
        "crane": "crane",
        "flake-compat": "flake-compat",
        "nixpkgs": [
          "dotfiles",
          "nixpkgs"
        ],
        "rust-overlay": "rust-overlay"
      },
      "locked": {
        "lastModified": 1766079686,
        "narHash": "sha256-flUkt39vttnF1HjzxLQ4pizFqxHxlIkaV+mb/GtxphU=",
        "owner": "zed-industries",
        "repo": "zed",
        "rev": "80433cb239e868271457ac376673a5f75bc4adb1",
        "type": "github"
      },
      "original": {
        "owner": "zed-industries",
        "ref": "v0.217.3",
        "repo": "zed",
        "type": "github"
      }
    }
  },
  "root": "root",
  "version": 7
}
